# This file is generated by running "yarn install" inside your project.
# Manual changes might be lost - proceed with caution!

__metadata:
  version: 4
  cacheKey: 4

"@octokit/endpoint@npm:^6.0.1":
  version: 6.0.3
  resolution: "@octokit/endpoint@npm:6.0.3"
  dependencies:
    "@octokit/types": ^5.0.0
    is-plain-object: ^3.0.0
    universal-user-agent: ^5.0.0
  checksum: abfa39e37667556125704446ad7f9007bc2beac114999d4faba27bc4c398e504cff8af4bddd0a6ec4758b9f4f95f4a861fd89a5d5b7063196276d9aa98fceeb9
  languageName: node
  linkType: hard

"@octokit/graphql@npm:^4.5.1":
  version: 4.5.1
  resolution: "@octokit/graphql@npm:4.5.1"
  dependencies:
    "@octokit/request": ^5.3.0
    "@octokit/types": ^5.0.0
    universal-user-agent: ^5.0.0
  checksum: 11a941c32aca069fcf54c538bc1feabae0844a8d391ed723aae9c60c04e490aac41f0e8ef1d5b93b4679f43c974647063afdb0a4f9c5b31719d4d20e4b0a6dc8
  languageName: node
  linkType: hard

"@octokit/request-error@npm:^2.0.0":
  version: 2.0.2
  resolution: "@octokit/request-error@npm:2.0.2"
  dependencies:
    "@octokit/types": ^5.0.1
    deprecation: ^2.0.0
    once: ^1.4.0
  checksum: 3ba45b317978025ae5e1afcdd288276e00c199088df7f6b21d0d954ff6f14419057aa5fdd0fd38a8cc2b1335ce41f1937ada3a67cd262af0d9cabcde265f2969
  languageName: node
  linkType: hard

"@octokit/request@npm:^5.3.0":
  version: 5.4.5
  resolution: "@octokit/request@npm:5.4.5"
  dependencies:
    "@octokit/endpoint": ^6.0.1
    "@octokit/request-error": ^2.0.0
    "@octokit/types": ^5.0.0
    deprecation: ^2.0.0
    is-plain-object: ^3.0.0
    node-fetch: ^2.3.0
    once: ^1.4.0
    universal-user-agent: ^5.0.0
  checksum: b359c72b4a2a4ed08b6c1ab809ce4d0e946425cc7f787fb83eec6e7616389d710802d0e6c7665a62b6d025e0fd4544a709c6dbc69cf0ec919ea6ba3a13cb0d91
  languageName: node
  linkType: hard

"@octokit/types@npm:^5.0.0, @octokit/types@npm:^5.0.1":
  version: 5.0.1
  resolution: "@octokit/types@npm:5.0.1"
  dependencies:
    "@types/node": ">= 8"
  checksum: 201960072c7a0eabbfd1ce582b706213720903555e996263e69d0790f4694c1df2a0416e47c41738b91e125382a503129b6525d598949c1aa6ecb7abb7958f53
  languageName: node
  linkType: hard

"@types/gm@npm:^1":
  version: 1.18.8
  resolution: "@types/gm@npm:1.18.8"
  dependencies:
    "@types/node": "*"
  checksum: b5023ea013f912998c90ab9483ea02913ec6f65c4c273a39d9dcdd75376315e64e4939741452b65f8765abf328ff03e758e71ae1eb1efde46e0905eaf3ecc33e
  languageName: node
  linkType: hard

"@types/node@npm:*, @types/node@npm:>= 8, @types/node@npm:^14.0.14":
  version: 14.0.14
  resolution: "@types/node@npm:14.0.14"
  checksum: 0a2072aa7de32e6535ce6bc7383965fc0a4b7bbf6d76f69027db72e86381921c820a8a2173f75fa210d9fb3286c707079d3804ef33c76a065bcb890858e50ee9
  languageName: node
  linkType: hard

"@types/yauzl@npm:^2.9.1":
  version: 2.9.1
  resolution: "@types/yauzl@npm:2.9.1"
  dependencies:
    "@types/node": "*"
  checksum: de89460f6bc272f9169013f1b8add1b46e4f0740b74700d6b3422078a2f3b38de7993c24e4752312f549406898451f4de8598b4168d2a4a6f546fa9bdc09c959
  languageName: node
  linkType: hard

"agent-base@npm:^4.3.0":
  version: 4.3.0
  resolution: "agent-base@npm:4.3.0"
  dependencies:
    es6-promisify: ^5.0.0
  checksum: b40b7d9675c475202afac88c31d5ce42f041e50d2028bd4ad0cfc25b60abe4aedf6b976d9f653641663cbf45295539282d0cf7d50ece7f7c1dd0c05dc99a8112
  languageName: node
  linkType: hard

"arg@npm:^4.1.0":
  version: 4.1.3
  resolution: "arg@npm:4.1.3"
  checksum: 81b3b40b1529c4fbf75b12f7c3e6fb2dcce9e78072063babc169de9b4f40777788f3d2b04380f659ef676a756e03ccfbfe78adf4477353bda906295fa69dab89
  languageName: node
  linkType: hard

"array-parallel@npm:~0.1.3":
  version: 0.1.3
  resolution: "array-parallel@npm:0.1.3"
  checksum: c4aecbaff589c4d6a7193b802fa3b56ae0728346fce185437c95f6831f58ad7bfc85800c0e74755b9197872540e57158ee662459e7a3dd8aab4f93810e8c7d49
  languageName: node
  linkType: hard

"array-series@npm:~0.1.5":
  version: 0.1.5
  resolution: "array-series@npm:0.1.5"
  checksum: 45a21afe5640060de0cabd8907703c658e8023638069746aa7a3d69b20de367096259589cf2378377e5b331202f161a1dd04e763a9e7bb57ed91c646697a7839
  languageName: node
  linkType: hard

"async-limiter@npm:~1.0.0":
  version: 1.0.1
  resolution: "async-limiter@npm:1.0.1"
  checksum: d123312ace75c07399ddc58e06cc028dacce35f71cdf59cf9b22f6c31dde221c22285e6185ede823ecb67f3b3065e26205eb9f74fcbba3f12ce7a2c2b09d7763
  languageName: node
  linkType: hard

"balanced-match@npm:^1.0.0":
  version: 1.0.0
  resolution: "balanced-match@npm:1.0.0"
  checksum: f515a605fe1b59f476f7477c5e1d53ad55b4f42982fca1d57b6701906f4ad1f1ac90fd6587d92cc1af2edb43eecf979214dd847ee410a6de9db4ebf0dd128d62
  languageName: node
  linkType: hard

"brace-expansion@npm:^1.1.7":
  version: 1.1.11
  resolution: "brace-expansion@npm:1.1.11"
  dependencies:
    balanced-match: ^1.0.0
    concat-map: 0.0.1
  checksum: 4c878e25e4858baf801945dfd63eb68feab2e502cf1122f25f3915c0e3bf397af3a93ff6bef0798db41c0d81ef28c08e55daac38058710f749a3b96eee6b8f40
  languageName: node
  linkType: hard

"buffer-crc32@npm:~0.2.3":
  version: 0.2.13
  resolution: "buffer-crc32@npm:0.2.13"
  checksum: 0340e848d6fd87e49ef6f1067f31b2a8d2e71b433e9bb62ff3d9bc2499146f0be586b5b80b0d099c7110a226161b21cb6cd80162dd5a51d9ebdb03da58b99637
  languageName: node
  linkType: hard

"buffer-from@npm:^1.0.0":
  version: 1.1.1
  resolution: "buffer-from@npm:1.1.1"
  checksum: 540ceb79c4f5bfcadaabbc18324fa84c50dc52905084be7c03596a339cf5a88513bee6831ce9b36ddd046fab09257a7c80686e129d0559a0cfd141da196ad956
  languageName: node
  linkType: hard

"concat-map@npm:0.0.1":
  version: 0.0.1
  resolution: "concat-map@npm:0.0.1"
  checksum: 554e28d9ee5aa6e061795473ee092cb3d3a2cbdb76c35416e0bb6e03f136d7d07676da387b2ed0ec4106cedbb6534080d9abc48ecc4a92b76406cf2d0c3c0c4b
  languageName: node
  linkType: hard

"cross-spawn@npm:^4.0.0":
  version: 4.0.2
  resolution: "cross-spawn@npm:4.0.2"
  dependencies:
    lru-cache: ^4.0.1
    which: ^1.2.9
  checksum: 471ecd286869fb404f5fdacb3e729ca80f826863cc75bc4b06bf8773253a4879f0315703592eb533c029e286b48b57ea1ee07d49e595c88857d2f4e3e5d1cc9f
  languageName: node
  linkType: hard

"cross-spawn@npm:^6.0.0":
  version: 6.0.5
  resolution: "cross-spawn@npm:6.0.5"
  dependencies:
    nice-try: ^1.0.4
    path-key: ^2.0.1
    semver: ^5.5.0
    shebang-command: ^1.2.0
    which: ^1.2.9
  checksum: 05fbbf957d9b81dc05fd799a238f6aacc2e7cc9783fff3f0e00439a97d6f269c90482571cbf1eeea17200fd119161a2d1f88aa49a8110b176e04f2a70825284f
  languageName: node
  linkType: hard

"debug@npm:^3.1.0":
  version: 3.2.6
  resolution: "debug@npm:3.2.6"
  dependencies:
    ms: ^2.1.1
  checksum: 619feb53b115f1a8341365b8aa58a8757e6632738587d4b61b25627b74891211cb20e31fdbea37fec766e575a60cf456f7a02d6f9eddfdcef80caa6a4b0fc042
  languageName: node
  linkType: hard

"debug@npm:^4.1.1":
  version: 4.2.0
  resolution: "debug@npm:4.2.0"
  dependencies:
    ms: 2.1.2
  peerDependencies:
    supports-color: "*"
  peerDependenciesMeta:
    supports-color:
      optional: true
  checksum: dcfb8ede26b4d899628a75806923ab9ad29daae7db0f6f1ca6227b660693ae0ca085c7f87261793abe0832ad56aff2afc33f907c6b5dc96a41fc208771feb465
  languageName: node
  linkType: hard

"deprecation@npm:^2.0.0":
  version: 2.3.1
  resolution: "deprecation@npm:2.3.1"
  checksum: 59343a0b927c5b6f67abb899fda68bf42b132c05ef1a985952c1e220c41fe5035b2d54a28c7c2a8b5239075d1dc25c83340242ada75f1c06c1bb047176f05f9b
  languageName: node
  linkType: hard

"diff@npm:^4.0.1":
  version: 4.0.2
  resolution: "diff@npm:4.0.2"
  checksum: 81b5cd7ddde6f0ba2a532d434cfdca365aedd6cc62bb133e851e66e071d40382a30924a07c1034bd3d5a2e332146f64514b73c06fe2ebc0490a67f0c98da79fb
  languageName: node
  linkType: hard

"end-of-stream@npm:^1.1.0":
  version: 1.4.4
  resolution: "end-of-stream@npm:1.4.4"
  dependencies:
    once: ^1.4.0
  checksum: 7da60e458bdb5e16c006a45e85ef3bc1e3791db5ba275b0913258ccddc8899acb9252c4ddbcce87bd1b46e2a3f97315aafb9f0c0330e8aac44defb504a9d3ccd
  languageName: node
  linkType: hard

"es6-promise@npm:^4.0.3":
  version: 4.2.8
  resolution: "es6-promise@npm:4.2.8"
  checksum: b85e5faab1b3785b8bf1a6c91b5f176cf3e5e4550359508ef54dd58b19ad2b831e04607e2a0a464f2a1407bf02897d5c88daf6e3d94c2ee4510e8191b44b64ef
  languageName: node
  linkType: hard

"es6-promisify@npm:^5.0.0":
  version: 5.0.0
  resolution: "es6-promisify@npm:5.0.0"
  dependencies:
    es6-promise: ^4.0.3
  checksum: 657d2f0623ddec94f7e3a881fcd73e33c26e796c25791169b50527014b58995a1cc35578595b6f28a71896d44dc00a98e6cf838804582c8fa38f9a4bb7ef1761
  languageName: node
  linkType: hard

"execa@npm:^1.0.0":
  version: 1.0.0
  resolution: "execa@npm:1.0.0"
  dependencies:
    cross-spawn: ^6.0.0
    get-stream: ^4.0.0
    is-stream: ^1.1.0
    npm-run-path: ^2.0.0
    p-finally: ^1.0.0
    signal-exit: ^3.0.0
    strip-eof: ^1.0.0
  checksum: 39714ea24e349403f9fc92b450f0e6823cdd4573e15b17c0fba6d95f2eecd46dc32624bbf15071d91e2c64a4402c74ce7a362671126964100ad34e2d6210adf9
  languageName: node
  linkType: hard

"extract-zip@npm:^2.0.0":
  version: 2.0.1
  resolution: "extract-zip@npm:2.0.1"
  dependencies:
    "@types/yauzl": ^2.9.1
    debug: ^4.1.1
    get-stream: ^5.1.0
    yauzl: ^2.10.0
  dependenciesMeta:
    "@types/yauzl":
      optional: true
  bin:
    extract-zip: cli.js
  checksum: 1217e48d659bf589a7ffaf6fa01fd868d619d1be46ef3dd6526cd17614a2d3a7d1bd5d5ebef81461000cd86fb32a0c9827b466650e98d55efc1fb5ee85f4716a
  languageName: node
  linkType: hard

"fd-slicer@npm:~1.1.0":
  version: 1.1.0
  resolution: "fd-slicer@npm:1.1.0"
  dependencies:
    pend: ~1.2.0
  checksum: ec759b16aea613f79540b450ffc278dcb927dccf55c89a364b68547441bec776d637f0a53aee9c9c70683406e4fc4b3aff29b1732bb388f9fa6ba200e8a79caa
  languageName: node
  linkType: hard

"fs.realpath@npm:^1.0.0":
  version: 1.0.0
  resolution: "fs.realpath@npm:1.0.0"
  checksum: 698a91b1695e3926185c9e5b0dd57cf687dceb4eb73799af91e6b2ab741735e2962c366c5af6403ffddae2619914193bd339efa706fdc984d0ffc74b7a3603f4
  languageName: node
  linkType: hard

"get-stream@npm:^4.0.0":
  version: 4.1.0
  resolution: "get-stream@npm:4.1.0"
  dependencies:
    pump: ^3.0.0
  checksum: f41bb3c74de09d1dbe1e9d0b6d12520875d99b7ecd32c71ee21eea26d32ca74110e2406922ca64ed8cd6f10076c5f59e4fd128f10cc292eae3b669379e5f18ed
  languageName: node
  linkType: hard

"get-stream@npm:^5.1.0":
  version: 5.1.0
  resolution: "get-stream@npm:5.1.0"
  dependencies:
    pump: ^3.0.0
  checksum: 599dad0b6b9e41602c5a383d218e929209774e66bd3345d5ba6b87e305a16e5d4263936cab974804a30cfeebb1d9e6082f0dba4a463fcce0ba75b922b7c9d861
  languageName: node
  linkType: hard

"glob@npm:^7.1.3":
  version: 7.1.6
  resolution: "glob@npm:7.1.6"
  dependencies:
    fs.realpath: ^1.0.0
    inflight: ^1.0.4
    inherits: 2
    minimatch: ^3.0.4
    once: ^1.3.0
    path-is-absolute: ^1.0.0
  checksum: 789977b52432865bd63846da5c75a6efc2c56abdc0cb5ffcdb8e91eeb67a58fa5594c1195d18b2b4aff99675b0739ed6bd61024b26562e0cca18c8f993efdc82
  languageName: node
  linkType: hard

"gm@npm:^1.23.1":
  version: 1.23.1
  resolution: "gm@npm:1.23.1"
  dependencies:
    array-parallel: ~0.1.3
    array-series: ~0.1.5
    cross-spawn: ^4.0.0
    debug: ^3.1.0
  checksum: 21b11207686075085873d3da19baa652eb8febc746ef0f4926aa83fbdc53f31befb1f548d315ce3ed9fb288424ff6790ac53d0f961e8fa7556174f40c7c0d8c5
  languageName: node
  linkType: hard

"https-proxy-agent@npm:^3.0.0":
  version: 3.0.1
  resolution: "https-proxy-agent@npm:3.0.1"
  dependencies:
    agent-base: ^4.3.0
    debug: ^3.1.0
  checksum: 9dd2cf090a25e4816594e570a2a692e5f3e0feec20a5f7f14d767838330cfc0246600923888759535dab32e4643deb3a3949ab31cd043596d04e95d8ef6ccc14
  languageName: node
  linkType: hard

"inflight@npm:^1.0.4":
  version: 1.0.6
  resolution: "inflight@npm:1.0.6"
  dependencies:
    once: ^1.3.0
    wrappy: 1
  checksum: 17c53fc42cbe7f7f471d2bc41b97a0cde4b79a74d5ff59997d3f75210566fa278e17596da526d43de2bd07e222706240ce50e60097e54f2cde2e64cbbb372638
  languageName: node
  linkType: hard

"inherits@npm:2":
  version: 2.0.4
  resolution: "inherits@npm:2.0.4"
  checksum: 98426da247ddfc3dcd7d7daedd90c3ca32d5b08deca08949726f12d49232aef94772a07b36cf4ff833e105ae2ef931777f6de4a6dd8245a216b9299ad4a50bea
  languageName: node
  linkType: hard

"is-plain-object@npm:^3.0.0":
  version: 3.0.0
  resolution: "is-plain-object@npm:3.0.0"
  dependencies:
    isobject: ^4.0.0
  checksum: 907951d69b31ab643b52ccc966ca68a6b9bb4396c4eece89d9670c71bc7a1fa54f27679b1952ef5b73da3460f777477fc48a3da6a8aaca2c3361c39694d6c511
  languageName: node
  linkType: hard

"is-stream@npm:^1.1.0":
  version: 1.1.0
  resolution: "is-stream@npm:1.1.0"
  checksum: 39843ee9ff68ebda05237199f18831eb6e0e28db7799ee9ddaac5573b0681f18b4dc427afdb7b7ad906db545e4648999c42a1810b277acc8451593ff59da00fa
  languageName: node
  linkType: hard

"isexe@npm:^2.0.0":
  version: 2.0.0
  resolution: "isexe@npm:2.0.0"
  checksum: 7b437980bb77881a146fba85cfbdf01edc2b148673e9c2722a1e49661fea73adf524430a80fdbfb8ce9f60d43224e682c657c45030482bd39e0c488fc29b4afe
  languageName: node
  linkType: hard

"isobject@npm:^4.0.0":
  version: 4.0.0
  resolution: "isobject@npm:4.0.0"
  checksum: bfc8e8f6e2bebf7d85e4bec91497e24f87e6b33576d03e223ff6ce1679f5a7dc6f357fdb3e1c6c6d85fc6f0feac26acca9e9e7b0ab473ea60fa3f838c203ee01
  languageName: node
  linkType: hard

"jpeg-js@npm:^0.3.7":
  version: 0.3.7
  resolution: "jpeg-js@npm:0.3.7"
  checksum: 144337cbb63f4fa887560260626df5c6a6c8d7b2f8dbfca73f83a8aadedd636fce69ba4824621d5cf963a14abc1fd1841262b6c1e18d5a0a0639e9a3791c96e0
  languageName: node
  linkType: hard

"lru-cache@npm:^4.0.1":
  version: 4.1.5
  resolution: "lru-cache@npm:4.1.5"
  dependencies:
    pseudomap: ^1.0.2
    yallist: ^2.1.2
  checksum: 6a098d23629357451d4324e1e4fefccdd6df316df29e25571c6148220ced923258381ebeafdf919f90e28c780b650427390582618c1d5fe097873e656d062511
  languageName: node
  linkType: hard

"macos-release@npm:^2.2.0":
  version: 2.3.0
  resolution: "macos-release@npm:2.3.0"
  checksum: c7752fb29ba71f74aea6a06dfaf583d392f7c8403fa17441e917bf8d773ac77c50706eb2ab25cdfaa024f3a27fcb836a8e9ac27aaaab229fe75d1cdb48ede6e4
  languageName: node
  linkType: hard

"make-error@npm:^1.1.1":
  version: 1.3.6
  resolution: "make-error@npm:1.3.6"
  checksum: 2c780bab8409b865e8ee86697c599a2bf2765ec64d21eb67ccda27050e039f983feacad05a0d43aba3c966ea03d305d2612e94fec45474bcbc61181f57c5bb88
  languageName: node
  linkType: hard

"mime@npm:^2.4.4":
  version: 2.4.6
  resolution: "mime@npm:2.4.6"
  bin:
    mime: cli.js
  checksum: 319ec3858894aa9befa9da90e33c4422506689f1e3e7c939095df68abe848050a51070c78a31061769d9192051a8c9f33d14d6771dc0f2ff309fe846898e0807
  languageName: node
  linkType: hard

"minimatch@npm:^3.0.4":
  version: 3.0.4
  resolution: "minimatch@npm:3.0.4"
  dependencies:
    brace-expansion: ^1.1.7
  checksum: 47eab9263962cacd5733e274ecad2d8e54b0f8e124ba35ae69189e296058f634a4967b87a98954f86fa5c830ff177caf827ce0136d28717ed3232951fb4fae62
  languageName: node
  linkType: hard

"ms@npm:2.1.2, ms@npm:^2.1.1":
  version: 2.1.2
  resolution: "ms@npm:2.1.2"
  checksum: 9b65fb709bc30c0c07289dcbdb61ca032acbb9ea5698b55fa62e2cebb04c5953f1876a1f3f7f4bc2e91d4bf4d86003f3e207c3bc6ee2f716f99827e62389cd0e
  languageName: node
  linkType: hard

"nice-try@npm:^1.0.4":
  version: 1.0.5
  resolution: "nice-try@npm:1.0.5"
  checksum: 330f190bf68146a560008b661e1ddbb2eac667c16990b6bf791516d89cceb707ec67901ad647d2b32674bfa816b916489cead5c2fb6e96864c659573ab5aa3bb
  languageName: node
  linkType: hard

"node-fetch@npm:^2.3.0":
  version: 2.6.0
  resolution: "node-fetch@npm:2.6.0"
  checksum: dd9f586a9f7ddb7dd94d2aba9cb693d32f5001e9850098512fbc8a4cbdd56838afa08ed0a6725b9fce9b01ec12b713e622cbfc16d92762d8b937b238330a632a
  languageName: node
  linkType: hard

"npm-run-path@npm:^2.0.0":
  version: 2.0.2
  resolution: "npm-run-path@npm:2.0.2"
  dependencies:
    path-key: ^2.0.0
  checksum: 0a1bc9a1e0faa7e54a011929b830121d5da393f50cbe37c83f3ffd67781b6d176739ba6e8eab5d56faa05738a60f7eb50389673767db0dc887073932f80b9b60
  languageName: node
  linkType: hard

"once@npm:^1.3.0, once@npm:^1.3.1, once@npm:^1.4.0":
  version: 1.4.0
  resolution: "once@npm:1.4.0"
  dependencies:
    wrappy: 1
  checksum: 57afc246536cf6494437f982b26475f22bee860f8b77ce8eb1543f42a8bffe04b2c66ddfea9a16cb25ccb80943f8ee4fc639367ef97b7a6a4f2672eb573963f5
  languageName: node
  linkType: hard

"os-name@npm:^3.1.0":
  version: 3.1.0
  resolution: "os-name@npm:3.1.0"
  dependencies:
    macos-release: ^2.2.0
    windows-release: ^3.1.0
  checksum: b4e5d610102d443988c4b7d3489c6d31c1ca363ef99af54d75f013164788867ac2458a91bbbc8b3acf1188191a9ae4273e8d7dc352c3eaca536cde6a5f444ad8
  languageName: node
  linkType: hard

"p-finally@npm:^1.0.0":
  version: 1.0.0
  resolution: "p-finally@npm:1.0.0"
  checksum: 01f49b2d9c67573b3a1cb253cd9e1ecf5c912b6ba5de8824118bbc8d647bfa6296820b5a536e91ec68a54395d4e1c58de9a381ded3b688074fb446a8fe351931
  languageName: node
  linkType: hard

"path-is-absolute@npm:^1.0.0":
  version: 1.0.1
  resolution: "path-is-absolute@npm:1.0.1"
  checksum: 907e1e3e6ac0aef6e65adffd75b3892191d76a5b94c5cf26b43667c4240531d11872ca6979c209b2e5e1609f7f579d02f64ba9936b48bb59d36cc529f0d965ed
  languageName: node
  linkType: hard

"path-key@npm:^2.0.0, path-key@npm:^2.0.1":
  version: 2.0.1
  resolution: "path-key@npm:2.0.1"
  checksum: 7dc807a2baa11d6bc0fca72148a0a0ca69ab73d98fbe42e10d22764d1ef547767f2b4ff827c6bc66e733388cd8d54297a45a39499825b9fdfd18959202384029
  languageName: node
  linkType: hard

"pend@npm:~1.2.0":
  version: 1.2.0
  resolution: "pend@npm:1.2.0"
  checksum: 35da01b2aa52458fbda2dceaeb5305c0d6c7262beca67d9f4c97bd70e4a8f4457f5fa01ffea3b3f786fb310b9b3b98515c52de3d7ae0b50dfb50b2a2d38d042b
  languageName: node
  linkType: hard

"playwright@npm:^1.1.1":
  version: 1.1.1
  resolution: "playwright@npm:1.1.1"
  dependencies:
    debug: ^4.1.1
    extract-zip: ^2.0.0
    https-proxy-agent: ^3.0.0
    jpeg-js: ^0.3.7
    mime: ^2.4.4
    pngjs: ^5.0.0
    progress: ^2.0.3
    proxy-from-env: ^1.1.0
    rimraf: ^3.0.2
    ws: ^6.1.0
  checksum: de19f0e807c5d34d87ae54ff0a2f6fb7e8310971cf400f42e159262be26cf38c32f6c9902a2d134ebb73fcdc27ddab69d5398d42900bf8cf000741774063a396
  languageName: node
  linkType: hard

"pngjs@npm:^5.0.0":
  version: 5.0.0
  resolution: "pngjs@npm:5.0.0"
  checksum: 2b8d7eeafd947449b7dc3908e1a983d366a7c98ea01f44e9b42a9608f60faa6667f55b342739746ead810d6909e8fd0d994f0a59502d43f39d93e85214259652
  languageName: node
  linkType: hard

"progress@npm:^2.0.3":
  version: 2.0.3
  resolution: "progress@npm:2.0.3"
  checksum: c46ef5a1de4d527dfd32fe56a7df0c1c8b420a4c02617196813bf7f10ac7c2a929afc265d44fdd68f5c439a7e7cb3d70d569716c82d6b4148ec72089860a1312
  languageName: node
  linkType: hard

"proxy-from-env@npm:^1.1.0":
  version: 1.1.0
  resolution: "proxy-from-env@npm:1.1.0"
  checksum: 6459372a57f3e8ef5211f7847ca2fffabcdd6490005892fcc0dcd62fe2b3551900c8a07fad7df9de3897547b1ab4ac7a7197964cd6fa7e76303caa4936bfaf32
  languageName: node
  linkType: hard

"pseudomap@npm:^1.0.2":
  version: 1.0.2
  resolution: "pseudomap@npm:1.0.2"
  checksum: 1ad1802645e830d99f9c1db97efc6902d2316b660454633229f636dd59e751d00498dd325d3b18d49f2be990a2c9d28f8bfe6f9b544a8220a5faa2bfb4694bb7
  languageName: node
  linkType: hard

"pump@npm:^3.0.0":
  version: 3.0.0
  resolution: "pump@npm:3.0.0"
  dependencies:
    end-of-stream: ^1.1.0
    once: ^1.3.1
  checksum: 5464d5cf6c6f083cc60cb45b074fb9a4a92ba4d3e0d89e9b2fa1906d8151fd3766784a426725ccf1af50d1c29963ac20b13829933549830e08a6704e3f95e08c
  languageName: node
  linkType: hard

"rimraf@npm:^3.0.2":
  version: 3.0.2
  resolution: "rimraf@npm:3.0.2"
  dependencies:
    glob: ^7.1.3
  bin:
    rimraf: bin.js
  checksum: f0de3e445581e64a8a077af476cc30708e659f5779ec2ca2a161556d0792aa318a685923798ae22055b4ecd02b9aff444ef619578f7af53cf8e0e248031e3dee
  languageName: node
  linkType: hard

"root-workspace-0b6124@workspace:.":
  version: 0.0.0-use.local
  resolution: "root-workspace-0b6124@workspace:."
  dependencies:
    "@octokit/graphql": ^4.5.1
    "@types/gm": ^1
    "@types/node": ^14.0.14
    gm: ^1.23.1
    playwright: ^1.1.1
    ts-node: ^8.10.2
    typescript: ^3.9.5
  languageName: unknown
  linkType: soft

"semver@npm:^5.5.0":
  version: 5.7.1
  resolution: "semver@npm:5.7.1"
  bin:
    semver: ./bin/semver
  checksum: 06ff0ed753ebf741b7602be8faad620d6e160a2cb3f61019d00d919c8bca141638aa23c34da779b8595afdc9faa3678bfbb5f60366b6a4f65f98cf86605bbcdb
  languageName: node
  linkType: hard

"shebang-command@npm:^1.2.0":
  version: 1.2.0
  resolution: "shebang-command@npm:1.2.0"
  dependencies:
    shebang-regex: ^1.0.0
  checksum: 2a1e0092a6b80b14ec742ef4e982be8aa670edc7de3e8c68b26744fb535051f7d92518106387b52e9aabe0c1ceae33d23a7dfdb94c3d7f5035c3868b723a2854
  languageName: node
  linkType: hard

"shebang-regex@npm:^1.0.0":
  version: 1.0.0
  resolution: "shebang-regex@npm:1.0.0"
  checksum: cf1a41cb09023e7d39739d7145fcba57c3fabc6728b78ce706f7315cf52dfadf30f7eea664e069224fbcbbfb6ab853bc55ac45f494b47ee73fc209c98487fae5
  languageName: node
  linkType: hard

"signal-exit@npm:^3.0.0":
  version: 3.0.3
  resolution: "signal-exit@npm:3.0.3"
  checksum: f8f3fec95c8d1f9ad7e3cce07e1195f84e7a85cdcb4e825e8a2b76aa5406a039083d2bc9662b3cf40e6948262f41277047d20e6fbd58c77edced0b18fab647d8
  languageName: node
  linkType: hard

"source-map-support@npm:^0.5.17":
  version: 0.5.19
  resolution: "source-map-support@npm:0.5.19"
  dependencies:
    buffer-from: ^1.0.0
    source-map: ^0.6.0
  checksum: 59d4efaae97755155b078413ecba63517e3ef054cc7ab767bbd30e6f3054be2ae8e8f5cce7eef53b7eb93e98fe27a58dd8f5e7abfb13144ba420ddaf5267bbb2
  languageName: node
  linkType: hard

"source-map@npm:^0.6.0":
  version: 0.6.1
  resolution: "source-map@npm:0.6.1"
  checksum: 8647829a0611724114022be455ca1c8a2c8ae61df81c5b3667d9b398207226a1e21174fb7bbf0b4dbeb27ac358222afb5a14f1c74a62a62b8883b012e5eb1270
  languageName: node
  linkType: hard

"strip-eof@npm:^1.0.0":
  version: 1.0.0
  resolution: "strip-eof@npm:1.0.0"
  checksum: 905cd8718ad2e7b3a9c4bc6a9ed409c38b8cef638845a9471884547de0dbe611828d584e749a38d3eebc2d3c830ea9c619d78875a639b7413d93080661807376
  languageName: node
  linkType: hard

"ts-node@npm:^8.10.2":
  version: 8.10.2
  resolution: "ts-node@npm:8.10.2"
  dependencies:
    arg: ^4.1.0
    diff: ^4.0.1
    make-error: ^1.1.1
    source-map-support: ^0.5.17
    yn: 3.1.1
  peerDependencies:
    typescript: ">=2.7"
  bin:
    ts-node: dist/bin.js
    ts-node-script: dist/bin-script.js
    ts-node-transpile-only: dist/bin-transpile.js
    ts-script: dist/bin-script-deprecated.js
  checksum: cd6e023e073d65ea346cf4a5b70bfd1e7c7f342c967a23a83038fd3462067558a4dda4fc8b238e6709db69aca3847590a93b4c52ae001e23ed9fef3b4fecbc71
  languageName: node
  linkType: hard

typescript@^3.9.5:
  version: 3.9.5
  resolution: "typescript@npm:3.9.5"
  bin:
    tsc: bin/tsc
    tsserver: bin/tsserver
  checksum: 15618435493667083eb43dc7b36c4d3dd47fd9e9c8a14f0ac4019bbf6124b6cc518b6ed506400913db1bf50831207ee8201b5d827680076930b562923f4f18a0
  languageName: node
  linkType: hard

"typescript@patch:typescript@^3.9.5#builtin<compat/typescript>":
  version: 3.9.5
  resolution: "typescript@patch:typescript@npm%3A3.9.5#builtin<compat/typescript>::version=3.9.5&hash=64df9d"
  bin:
    tsc: bin/tsc
    tsserver: bin/tsserver
  checksum: 5849aa7c2d887b4d0b289530b45690fc26e606ea3719cf958dbb7f531ca1b968895bbef89b21ecb3903d5039fb047ebf6a0047ba147123060cbe1940ce5c91be
  languageName: node
  linkType: hard

"universal-user-agent@npm:^5.0.0":
  version: 5.0.0
  resolution: "universal-user-agent@npm:5.0.0"
  dependencies:
    os-name: ^3.1.0
  checksum: 9b664885e88cfccc765837f918869157ca30a141a5499f4397245c5b2541e3ba2323cca2337eb70ad0898ea747bca41d435df3af2fc71bc8e4f8430c142af7bd
  languageName: node
  linkType: hard

"which@npm:^1.2.9":
  version: 1.3.1
  resolution: "which@npm:1.3.1"
  dependencies:
    isexe: ^2.0.0
  bin:
    which: ./bin/which
  checksum: 298d95f9c185c4da22c1bfb1fdfa37c2ba56df8a6b98706ab361bf31a7d3a4845afaecfc48d4de7a259048842b5f2977f51b56f5c06c1f6a83dcf5a9e3de634a
  languageName: node
  linkType: hard

"windows-release@npm:^3.1.0":
  version: 3.3.1
  resolution: "windows-release@npm:3.3.1"
  dependencies:
    execa: ^1.0.0
  checksum: 209dd36f044399c4d1c52b8352ba924d2d79da51959a1e5aa34a22b67e869a513df430f618cb897002c4be014e180f57a5c3d160208605352053f54887bffb2d
  languageName: node
  linkType: hard

"wrappy@npm:1":
  version: 1.0.2
  resolution: "wrappy@npm:1.0.2"
  checksum: 519fcda0fcdf0c16327be2de9d98646742307bc830277e8868529fcf7566f2b330a6453c233e0cdcb767d5838dd61a90984a02ecc983bcddebea5ad0833bbf98
  languageName: node
  linkType: hard

"ws@npm:^6.1.0":
  version: 6.2.1
  resolution: "ws@npm:6.2.1"
  dependencies:
    async-limiter: ~1.0.0
  checksum: 35d32b09e28f799f04708c3a7bd9eff469ae63e60543d7e18335f28689228a42ee21210f48de680aad6e5317df76b5b1183d1a1ea4b4d14cb6e0943528f40e76
  languageName: node
  linkType: hard

"yallist@npm:^2.1.2":
  version: 2.1.2
  resolution: "yallist@npm:2.1.2"
  checksum: f83e3d18eeba68a0276be2ab09260be3f2a300307e84b1565c620ef71f03f106c3df9bec4c3a91e5fa621a038f8826c19b3786804d3795dd4f999e5b6be66ea3
  languageName: node
  linkType: hard

"yauzl@npm:^2.10.0":
  version: 2.10.0
  resolution: "yauzl@npm:2.10.0"
  dependencies:
    buffer-crc32: ~0.2.3
    fd-slicer: ~1.1.0
  checksum: 6d0c4e72706ec2df6ea842d09c792e7b34badc5db3d8a893e0c70d0e464c9bf82bac4b1690f3515b5e1d96b72fceb6cc4dd96465426077ba6dddc54e7dd4d517
  languageName: node
  linkType: hard

"yn@npm:3.1.1":
  version: 3.1.1
  resolution: "yn@npm:3.1.1"
  checksum: bff63b80568d80c711670935427494dde47cdf97e8b04196b140ce0af519c81c5ee857eddad0caa8b422dd65aea0157bbfaacbb1546bebba623f0f383d5d9ae5
  languageName: node
  linkType: hard
